
Microsoft Visual Studio Solution File, Format Version 12.00
# Visual Studio Version 16
VisualStudioVersion = 16.0.30011.22
MinimumVisualStudioVersion = 10.0.40219.1
Project("{2150E333-8FDC-42A3-9474-1A3956D46DE8}") = "src", "src", "{C64A19A4-BB7E-4178-8728-66F50A563DC5}"
EndProject
Project("{2150E333-8FDC-42A3-9474-1A3956D46DE8}") = "test", "test", "{F9418B2C-06CE-49F0-99EF-1C8B12C6145E}"
EndProject
Project("{2150E333-8FDC-42A3-9474-1A3956D46DE8}") = "inf", "inf", "{00503A31-AFF0-4614-8617-8B16F6AD12C8}"
	ProjectSection(SolutionItems) = preProject
		.editorconfig = .editorconfig
		.gitignore = .gitignore
		contributing.md = contributing.md
		LICENSE = LICENSE
		README-zh-Hans.md = README-zh-Hans.md
		README.md = README.md
	EndProjectSection
EndProject
Project("{9A19103F-16F7-4668-BE54-9A1E7A4F7556}") = "Signature", "src\Signature\Signature.csproj", "{7BB97248-BCF8-4156-B79F-E1355A9E4022}"
EndProject
Project("{9A19103F-16F7-4668-BE54-9A1E7A4F7556}") = "Signature.Test", "test\Signature.Test\Signature.Test.csproj", "{D9FE7DF9-8748-4071-A36B-3DBC78BFAC29}"
EndProject
Global
	GlobalSection(SolutionConfigurationPlatforms) = preSolution
		Debug|Any CPU = Debug|Any CPU
		Release|Any CPU = Release|Any CPU
	EndGlobalSection
	GlobalSection(ProjectConfigurationPlatforms) = postSolution
		{7BB97248-BCF8-4156-B79F-E1355A9E4022}.Debug|Any CPU.ActiveCfg = Debug|Any CPU
		{7BB97248-BCF8-4156-B79F-E1355A9E4022}.Debug|Any CPU.Build.0 = Debug|Any CPU
		{7BB97248-BCF8-4156-B79F-E1355A9E4022}.Release|Any CPU.ActiveCfg = Release|Any CPU
		{7BB97248-BCF8-4156-B79F-E1355A9E4022}.Release|Any CPU.Build.0 = Release|Any CPU
		{D9FE7DF9-8748-4071-A36B-3DBC78BFAC29}.Debug|Any CPU.ActiveCfg = Debug|Any CPU
		{D9FE7DF9-8748-4071-A36B-3DBC78BFAC29}.Debug|Any CPU.Build.0 = Debug|Any CPU
		{D9FE7DF9-8748-4071-A36B-3DBC78BFAC29}.Release|Any CPU.ActiveCfg = Release|Any CPU
		{D9FE7DF9-8748-4071-A36B-3DBC78BFAC29}.Release|Any CPU.Build.0 = Release|Any CPU
	EndGlobalSection
	GlobalSection(SolutionProperties) = preSolution
		HideSolutionNode = FALSE
	EndGlobalSection
	GlobalSection(NestedProjects) = preSolution
		{7BB97248-BCF8-4156-B79F-E1355A9E4022} = {C64A19A4-BB7E-4178-8728-66F50A563DC5}
		{D9FE7DF9-8748-4071-A36B-3DBC78BFAC29} = {F9418B2C-06CE-49F0-99EF-1C8B12C6145E}
	EndGlobalSection
	GlobalSection(ExtensibilityGlobals) = postSolution
		SolutionGuid = {D7B46B59-A44B-49FB-BBCA-BA926D1F0C3C}
	EndGlobalSection
EndGlobal
