
Microsoft Visual Studio Solution File, Format Version 12.00
# Visual Studio Version 16
VisualStudioVersion = 16.0.30011.22
MinimumVisualStudioVersion = 10.0.40219.1
Project("{2150E333-8FDC-42A3-9474-1A3956D46DE8}") = "src", "src", "{C64A19A4-BB7E-4178-8728-66F50A563DC5}"
EndProject
Project("{2150E333-8FDC-42A3-9474-1A3956D46DE8}") = "test", "test", "{F9418B2C-06CE-49F0-99EF-1C8B12C6145E}"
EndProject
Project("{9A19103F-16F7-4668-BE54-9A1E7A4F7556}") = "ThinkerShare.Signature", "src\ThinkerShare.Signature\ThinkerShare.Signature.csproj", "{55ACF9B0-19A4-459F-A8F7-AD58505342F2}"
EndProject
Project("{9A19103F-16F7-4668-BE54-9A1E7A4F7556}") = "ThinkerShare.Signature.Test", "test\ThinkerShare.Signature.Test\ThinkerShare.Signature.Test.csproj", "{C52C771F-033E-4863-9197-6213F598732F}"
EndProject
Project("{2150E333-8FDC-42A3-9474-1A3956D46DE8}") = "inf", "inf", "{00503A31-AFF0-4614-8617-8B16F6AD12C8}"
	ProjectSection(SolutionItems) = preProject
		.gitignore = .gitignore
		contributing.md = contributing.md
		LICENSE = LICENSE
		README-zh-Hans.md = README-zh-Hans.md
		README.md = README.md
	EndProjectSection
EndProject
Global
	GlobalSection(SolutionConfigurationPlatforms) = preSolution
		Debug|Any CPU = Debug|Any CPU
		Release|Any CPU = Release|Any CPU
	EndGlobalSection
	GlobalSection(ProjectConfigurationPlatforms) = postSolution
		{55ACF9B0-19A4-459F-A8F7-AD58505342F2}.Debug|Any CPU.ActiveCfg = Debug|Any CPU
		{55ACF9B0-19A4-459F-A8F7-AD58505342F2}.Debug|Any CPU.Build.0 = Debug|Any CPU
		{55ACF9B0-19A4-459F-A8F7-AD58505342F2}.Release|Any CPU.ActiveCfg = Release|Any CPU
		{55ACF9B0-19A4-459F-A8F7-AD58505342F2}.Release|Any CPU.Build.0 = Release|Any CPU
		{C52C771F-033E-4863-9197-6213F598732F}.Debug|Any CPU.ActiveCfg = Debug|Any CPU
		{C52C771F-033E-4863-9197-6213F598732F}.Debug|Any CPU.Build.0 = Debug|Any CPU
		{C52C771F-033E-4863-9197-6213F598732F}.Release|Any CPU.ActiveCfg = Release|Any CPU
		{C52C771F-033E-4863-9197-6213F598732F}.Release|Any CPU.Build.0 = Release|Any CPU
	EndGlobalSection
	GlobalSection(SolutionProperties) = preSolution
		HideSolutionNode = FALSE
	EndGlobalSection
	GlobalSection(NestedProjects) = preSolution
		{55ACF9B0-19A4-459F-A8F7-AD58505342F2} = {C64A19A4-BB7E-4178-8728-66F50A563DC5}
		{C52C771F-033E-4863-9197-6213F598732F} = {F9418B2C-06CE-49F0-99EF-1C8B12C6145E}
	EndGlobalSection
	GlobalSection(ExtensibilityGlobals) = postSolution
		SolutionGuid = {D7B46B59-A44B-49FB-BBCA-BA926D1F0C3C}
	EndGlobalSection
EndGlobal
